# This file is automatically @generated by Cargo.
# It is not intended for manual editing.
version = 4

[[package]]
name = "bitflags"
version = "2.13.2"
source = "registry+https://github.com/rust-lang/crates.io-index"
checksum = "3ded4057c258ba199e2d26386d3af3780957ecaee6c4ef4041c6b4b8b97c0b06"

[[package]]
name = "core-foundation"
version = "0.9.4"
source = "registry+https://github.com/rust-lang/crates.io-index"
checksum = "91e195e091a93c46f7102ec7818a2aa394e1e1771c3ab4825963fa03e45afb8f"
dependencies = [
 "core-foundation-sys",
 "libc",
]

[[package]]
name = "core-foundation"
version = "0.10.1"
source = "registry+https://github.com/rust-lang/crates.io-index"
checksum = "b2a6cd9ae233e7f62ba4e9353e81a88df7fc8a5987b8d445b4d90c879bd156f6"
dependencies = [
 "core-foundation-sys",
 "libc",
]

[[package]]
name = "core-foundation-sys"
version = "0.8.7"
source = "registry+https://github.com/rust-lang/crates.io-index"
checksum = "773648b94d0e5d620f64f280777445740e61fe701025087ec8b57f45c791888b"

[[package]]
name = "keyring"
version = "3.6.3"
source = "registry+https://github.com/rust-lang/crates.io-index"
checksum = "eebcc3aff044e5944a8fbaf69eb277d11986064cba30c468730e8b9909fb551c"
dependencies = [
 "log",
 "security-framework 2.11.1",
 "security-framework 3.7.0",
 "zeroize",
]

[[package]]
name = "libc"
version = "0.2.189"
source = "registry+https://github.com/rust-lang/crates.io-index"
checksum = "3eaf3ede3fee6db1a4c2ee091bf8a8b4dccdc6d17f656fb07896ee72867612f2"

[[package]]
name = "linksaw-session-helper"
version = "1.0.0"
dependencies = [
 "keyring",
]

[[package]]
name = "log"
version = "0.4.34"
source = "registry+https://github.com/rust-lang/crates.io-index"
checksum = "f9f8bd3e56ce4dfc153cf470fffbfa98c7620958b312ca5c3a4b8d5181fd13c6"

[[package]]
name = "security-framework"
version = "2.11.1"
source = "registry+https://github.com/rust-lang/crates.io-index"
checksum = "897b2245f0b511c87893af39b033e5ca9cce68824c4d7e7630b5a1d339658d02"
dependencies = [
 "bitflags",
 "core-foundation 0.9.4",
 "core-foundation-sys",
 "libc",
 "security-framework-sys",
]

[[package]]
name = "security-framework"
version = "3.7.0"
source = "registry+https://github.com/rust-lang/crates.io-index"
checksum = "b7f4bc775c73d9a02cde8bf7b2ec4c9d12743edf609006c7facc23998404cd1d"
dependencies = [
 "bitflags",
 "core-foundation 0.10.1",
 "core-foundation-sys",
 "libc",
 "security-framework-sys",
]

[[package]]
name = "security-framework-sys"
version = "2.17.0"
source = "registry+https://github.com/rust-lang/crates.io-index"
checksum = "6ce2691df843ecc5d231c0b14ece2acc3efb62c0a398c7e1d875f3983ce020e3"
dependencies = [
 "core-foundation-sys",
 "libc",
]

[[package]]
name = "zeroize"
version = "1.9.0"
source = "registry+https://github.com/rust-lang/crates.io-index"
checksum = "e13c156562582aa81c60cb29407084cdb54c4164760106ab78e6c5b0858cf64e"
